# THIS IS AN AUTOGENERATED FILE. DO NOT EDIT THIS FILE DIRECTLY.
# yarn lockfile v1


turbo-darwin-64@1.10.3:
  version "1.10.3"
  resolved "https://registry.yarnpkg.com/turbo-darwin-64/-/turbo-darwin-64-1.10.3.tgz#b04f715530ae3c8b6d1ce86229236a7513a28c8c"
  integrity sha512-IIB9IomJGyD3EdpSscm7Ip1xVWtYb7D0x7oH3vad3gjFcjHJzDz9xZ/iw/qItFEW+wGFcLSRPd+1BNnuLM8AsA==

turbo-darwin-arm64@1.10.3:
  version "1.10.3"
  resolved "https://registry.yarnpkg.com/turbo-darwin-arm64/-/turbo-darwin-arm64-1.10.3.tgz#ff9c819643c0a2629cb3cd43136022177d2c8205"
  integrity sha512-SBNmOZU9YEB0eyNIxeeQ+Wi0Ufd+nprEVp41rgUSRXEIpXjsDjyBnKnF+sQQj3+FLb4yyi/yZQckB+55qXWEsw==

turbo-linux-64@1.10.3:
  version "1.10.3"
  resolved "https://registry.yarnpkg.com/turbo-linux-64/-/turbo-linux-64-1.10.3.tgz#d6cbd198e95620e75baa70f1e09f355db6d3e1de"
  integrity sha512-kvAisGKE7xHJdyMxZLvg53zvHxjqPK1UVj4757PQqtx9dnjYHSc8epmivE6niPgDHon5YqImzArCjVZJYpIGHQ==

turbo-linux-arm64@1.10.3:
  version "1.10.3"
  resolved "https://registry.yarnpkg.com/turbo-linux-arm64/-/turbo-linux-arm64-1.10.3.tgz#53148b79e84d020ece82c8af170a2f1d16a01b5b"
  integrity sha512-Qgaqln0IYRgyL0SowJOi+PNxejv1I2xhzXOI+D+z4YHbgSx87ox1IsALYBlK8VRVYY8VCXl+PN12r1ioV09j7A==

turbo-windows-64@1.10.3:
  version "1.10.3"
  resolved "https://registry.yarnpkg.com/turbo-windows-64/-/turbo-windows-64-1.10.3.tgz#a90af7313cbada57296d672515c4957ef86e5905"
  integrity sha512-rbH9wManURNN8mBnN/ZdkpUuTvyVVEMiUwFUX4GVE5qmV15iHtZfDLUSGGCP2UFBazHcpNHG1OJzgc55GFFrUw==

turbo-windows-arm64@1.10.3:
  version "1.10.3"
  resolved "https://registry.yarnpkg.com/turbo-windows-arm64/-/turbo-windows-arm64-1.10.3.tgz#3ed80e34aa5a432b312ccf2f4770c63a72d0b254"
  integrity sha512-ThlkqxhcGZX39CaTjsHqJnqVe+WImjX13pmjnpChz6q5HHbeRxaJSFzgrHIOt0sUUVx90W/WrNRyoIt/aafniw==

turbo@^1.10.3:
  version "1.10.3"
  resolved "https://registry.yarnpkg.com/turbo/-/turbo-1.10.3.tgz#125944cb59f3aa60ca4aa93e4c505b974fe55097"
  integrity sha512-U4gKCWcKgLcCjQd4Pl8KJdfEKumpyWbzRu75A6FCj6Ctea1PIm58W6Ltw1QXKqHrl2pF9e1raAskf/h6dlrPCA==
  optionalDependencies:
    turbo-darwin-64 "1.10.3"
    turbo-darwin-arm64 "1.10.3"
    turbo-linux-64 "1.10.3"
    turbo-linux-arm64 "1.10.3"
    turbo-windows-64 "1.10.3"
    turbo-windows-arm64 "1.10.3"
